
Microsoft Visual Studio Solution File, Format Version 12.00
# Visual Studio Version 16
VisualStudioVersion = 25.0.1706.14
MinimumVisualStudioVersion = 10.0.40219.1
Project("{FAE04EC0-301F-11D3-BF4B-00C04F79EFBC}") = "Claude", "Claude.csproj", "{640B5A3E-76F6-4204-B0FA-4558C48550BB}"
EndProject
Global
	GlobalSection(SolutionConfigurationPlatforms) = preSolution
		Debug|Any CPU = Debug|Any CPU
		Release|Any CPU = Release|Any CPU
	EndGlobalSection
	GlobalSection(ProjectConfigurationPlatforms) = postSolution
		{640B5A3E-76F6-4204-B0FA-4558C48550BB}.Debug|Any CPU.ActiveCfg = Debug|Any CPU
		{640B5A3E-76F6-4204-B0FA-4558C48550BB}.Debug|Any CPU.Build.0 = Debug|Any CPU
		{640B5A3E-76F6-4204-B0FA-4558C48550BB}.Release|Any CPU.ActiveCfg = Release|Any CPU
		{640B5A3E-76F6-4204-B0FA-4558C48550BB}.Release|Any CPU.Build.0 = Release|Any CPU
	EndGlobalSection
	GlobalSection(SolutionProperties) = preSolution
		HideSolutionNode = FALSE
	EndGlobalSection
	GlobalSection(ExtensibilityGlobals) = postSolution
		SolutionGuid = {EAB23761-3FA4-436D-B4ED-DC7A3452BAD8}
	EndGlobalSection
EndGlobal
